<?xml version="1.0" encoding="utf-8"?>
<Project ToolsVersion="4.0" xmlns="http://schemas.microsoft.com/developer/msbuild/2003">
  <ItemGroup>
    <Filter Include="Source Files">
      <UniqueIdentifier>{4FC737F1-C7A5-4376-A066-2A32D752A2FF}</UniqueIdentifier>
      <Extensions>cpp;c;cc;cxx;c++;cppm;ixx;def;odl;idl;hpj;bat;asm;asmx</Extensions>
    </Filter>
    <Filter Include="Header Files">
      <UniqueIdentifier>{93995380-89BD-4b04-88EB-625FBE52EBFB}</UniqueIdentifier>
      <Extensions>h;hh;hpp;hxx;h++;hm;inl;inc;ipp;xsd</Extensions>
    </Filter>
    <Filter Include="Resource Files">
      <UniqueIdentifier>{67DA6AB6-F800-4c08-8B7A-83BB121AAD01}</UniqueIdentifier>
      <Extensions>rc;ico;cur;bmp;dlg;rc2;rct;bin;rgs;gif;jpg;jpeg;jpe;resx;tiff;tif;png;wav;mfcribbon-ms</Extensions>
    </Filter>
  </ItemGroup>
  <ItemGroup>
    <ClCompile Include="src\InteractiveSpaceshipSimulation.cpp">
      <Filter>Source Files</Filter>
    </ClCompile>
    <ClCompile Include="src\utils\Camera.cpp">
      <Filter>Source Files</Filter>
    </ClCompile>
    <ClCompile Include="src\utils\picopng.cpp">
      <Filter>Source Files</Filter>
    </ClCompile>
    <ClCompile Include="src\utils\Render_Utils.cpp">
      <Filter>Source Files</Filter>
    </ClCompile>
    <ClCompile Include="src\utils\Shader_Loader.cpp">
      <Filter>Source Files</Filter>
    </ClCompile>
    <ClCompile Include="src\utils\Texture.cpp">
      <Filter>Source Files</Filter>
    </ClCompile>
    <ClCompile Include="src\utils\Calculations.cpp">
      <Filter>Source Files</Filter>
    </ClCompile>
    <ClCompile Include="src\AttachableCamera.cpp">
      <Filter>Source Files</Filter>
    </ClCompile>
    <ClCompile Include="src\Scene.cpp">
      <Filter>Source Files</Filter>
    </ClCompile>
    <ClCompile Include="src\data\ShipLight.cpp">
      <Filter>Source Files</Filter>
    </ClCompile>
    <ClCompile Include="src\data\ModelData.cpp">
      <Filter>Source Files</Filter>
    </ClCompile>
    <ClCompile Include="src\data\StarLight.cpp">
      <Filter>Source Files</Filter>
    </ClCompile>
    <ClCompile Include="src\data\LevelOfDetail.cpp">
      <Filter>Source Files</Filter>
    </ClCompile>
    <ClCompile Include="src\graphics_techniques\DiscreteLOD.cpp">
      <Filter>Source Files</Filter>
    </ClCompile>
    <ClCompile Include="src\utils\PerformanceMeasure.cpp">
      <Filter>Source Files</Filter>
    </ClCompile>
    <ClCompile Include="src\graphics_techniques\bloom\ScreenQuad.cpp">
      <Filter>Source Files</Filter>
    </ClCompile>
    <ClCompile Include="src\graphics_techniques\bloom\blur\BlurFramebuffer.cpp">
      <Filter>Source Files</Filter>
    </ClCompile>
    <ClCompile Include="src\graphics_techniques\bloom\hdr\HDRFramebuffer.cpp">
      <Filter>Source Files</Filter>
    </ClCompile>
    <ClCompile Include="src\graphics_techniques\bloom\blur\Blur.cpp">
      <Filter>Source Files</Filter>
    </ClCompile>
    <ClCompile Include="src\graphics_techniques\bloom\Bloom.cpp">
      <Filter>Source Files</Filter>
    </ClCompile>
    <ClCompile Include="src\utils\Time.cpp">
      <Filter>Source Files</Filter>
    </ClCompile>
    <ClCompile Include="src\utils\Mouse.cpp">
      <Filter>Source Files</Filter>
    </ClCompile>
    <ClCompile Include="src\objectsInSpace\renderables\orbitables\Moon.cpp">
      <Filter>Source Files</Filter>
    </ClCompile>
    <ClCompile Include="src\objectsInSpace\renderables\orbitables\Orbitable.cpp">
      <Filter>Source Files</Filter>
    </ClCompile>
    <ClCompile Include="src\objectsInSpace\renderables\orbitables\Planet.cpp">
      <Filter>Source Files</Filter>
    </ClCompile>
    <ClCompile Include="src\objectsInSpace\renderables\Asteroid.cpp">
      <Filter>Source Files</Filter>
    </ClCompile>
    <ClCompile Include="src\objectsInSpace\renderables\AsteroidField.cpp">
      <Filter>Source Files</Filter>
    </ClCompile>
    <ClCompile Include="src\objectsInSpace\renderables\RenderableObject.cpp">
      <Filter>Source Files</Filter>
    </ClCompile>
    <ClCompile Include="src\objectsInSpace\renderables\Ship.cpp">
      <Filter>Source Files</Filter>
    </ClCompile>
    <ClCompile Include="src\objectsInSpace\renderables\Star.cpp">
      <Filter>Source Files</Filter>
    </ClCompile>
    <ClCompile Include="src\objectsInSpace\ObjectInSpace.cpp">
      <Filter>Source Files</Filter>
    </ClCompile>
    <ClCompile Include="src\data\RenderData.cpp">
      <Filter>Source Files</Filter>
    </ClCompile>
    <ClCompile Include="src\data\RenderDataInstancing.cpp">
      <Filter>Source Files</Filter>
    </ClCompile>
    <ClCompile Include="src\data\Textures.cpp">
      <Filter>Source Files</Filter>
    </ClCompile>
    <ClCompile Include="src\data\TextureData.cpp">
      <Filter>Source Files</Filter>
    </ClCompile>
    <ClCompile Include="src\utils\PhysxGLMConverter.cpp">
      <Filter>Source Files</Filter>
    </ClCompile>
    <ClCompile Include="src\data\RenderableUpdateData.cpp">
      <Filter>Source Files</Filter>
    </ClCompile>
  </ItemGroup>
  <ItemGroup>
    <ClInclude Include="headers\InteractiveSpaceshipSimulation.h">
      <Filter>Header Files</Filter>
    </ClInclude>
    <ClInclude Include="headers\utils\Camera.h">
      <Filter>Header Files</Filter>
    </ClInclude>
    <ClInclude Include="headers\utils\objload.h">
      <Filter>Header Files</Filter>
    </ClInclude>
    <ClInclude Include="headers\utils\picopng.h">
      <Filter>Header Files</Filter>
    </ClInclude>
    <ClInclude Include="headers\utils\Render_Utils.h">
      <Filter>Header Files</Filter>
    </ClInclude>
    <ClInclude Include="headers\utils\Shader_Loader.h">
      <Filter>Header Files</Filter>
    </ClInclude>
    <ClInclude Include="headers\utils\Texture.h">
      <Filter>Header Files</Filter>
    </ClInclude>
    <ClInclude Include="headers\Scene.h">
      <Filter>Header Files</Filter>
    </ClInclude>
    <ClInclude Include="headers\utils\Calculations.h">
      <Filter>Header Files</Filter>
    </ClInclude>
    <ClInclude Include="headers\AttachableCamera.h">
      <Filter>Header Files</Filter>
    </ClInclude>
    <ClInclude Include="headers\data\ShipLight.h">
      <Filter>Header Files</Filter>
    </ClInclude>
    <ClInclude Include="headers\data\ModelData.h">
      <Filter>Header Files</Filter>
    </ClInclude>
    <ClInclude Include="headers\data\StarLight.h">
      <Filter>Header Files</Filter>
    </ClInclude>
    <ClInclude Include="headers\data\LevelOfDetail.h">
      <Filter>Header Files</Filter>
    </ClInclude>
    <ClInclude Include="headers\graphics_techniques\DiscreteLOD.h">
      <Filter>Header Files</Filter>
    </ClInclude>
    <ClInclude Include="headers\utils\PerformanceMeasure.h">
      <Filter>Header Files</Filter>
    </ClInclude>
    <ClInclude Include="headers\graphics_techniques\bloom\ScreenQuad.h">
      <Filter>Header Files</Filter>
    </ClInclude>
    <ClInclude Include="headers\graphics_techniques\bloom\blur\BlurFramebuffer.h">
      <Filter>Header Files</Filter>
    </ClInclude>
    <ClInclude Include="headers\graphics_techniques\bloom\hdr\HDRFramebuffer.h">
      <Filter>Header Files</Filter>
    </ClInclude>
    <ClInclude Include="headers\graphics_techniques\bloom\blur\Blur.h">
      <Filter>Header Files</Filter>
    </ClInclude>
    <ClInclude Include="headers\graphics_techniques\bloom\Bloom.h">
      <Filter>Header Files</Filter>
    </ClInclude>
    <ClInclude Include="headers\utils\Time.h">
      <Filter>Header Files</Filter>
    </ClInclude>
    <ClInclude Include="headers\utils\Mouse.h">
      <Filter>Header Files</Filter>
    </ClInclude>
    <ClInclude Include="headers\objectsInSpace\renderables\orbitables\Moon.h">
      <Filter>Header Files</Filter>
    </ClInclude>
    <ClInclude Include="headers\objectsInSpace\renderables\orbitables\Orbitable.h">
      <Filter>Header Files</Filter>
    </ClInclude>
    <ClInclude Include="headers\objectsInSpace\renderables\orbitables\Planet.h">
      <Filter>Header Files</Filter>
    </ClInclude>
    <ClInclude Include="headers\objectsInSpace\renderables\Asteroid.h">
      <Filter>Header Files</Filter>
    </ClInclude>
    <ClInclude Include="headers\objectsInSpace\renderables\AsteroidField.h">
      <Filter>Header Files</Filter>
    </ClInclude>
    <ClInclude Include="headers\objectsInSpace\renderables\RenderableObject.h">
      <Filter>Header Files</Filter>
    </ClInclude>
    <ClInclude Include="headers\objectsInSpace\renderables\Ship.h">
      <Filter>Header Files</Filter>
    </ClInclude>
    <ClInclude Include="headers\objectsInSpace\renderables\Star.h">
      <Filter>Header Files</Filter>
    </ClInclude>
    <ClInclude Include="headers\objectsInSpace\ObjectInSpace.h">
      <Filter>Header Files</Filter>
    </ClInclude>
    <ClInclude Include="headers\data\RenderData.h">
      <Filter>Header Files</Filter>
    </ClInclude>
    <ClInclude Include="headers\data\RenderDataInstancing.h">
      <Filter>Header Files</Filter>
    </ClInclude>
    <ClInclude Include="headers\data\Textures.h">
      <Filter>Header Files</Filter>
    </ClInclude>
    <ClInclude Include="headers\data\TextureData.h">
      <Filter>Header Files</Filter>
    </ClInclude>
    <ClInclude Include="headers\utils\PhysxGLMConverter.h">
      <Filter>Header Files</Filter>
    </ClInclude>
    <ClInclude Include="headers\physics\IDynamicRigidbody.h">
      <Filter>Header Files</Filter>
    </ClInclude>
    <ClInclude Include="headers\data\RenderableUpdateData.h">
      <Filter>Header Files</Filter>
    </ClInclude>
  </ItemGroup>
</Project>